
Microsoft Visual Studio Solution File, Format Version 12.00
# Visual Studio Version 16
VisualStudioVersion = 16.0.29021.104
MinimumVisualStudioVersion = 10.0.40219.1
Project("{FAE04EC0-301F-11D3-BF4B-00C04F79EFBC}") = "Hillinworks.Speedscope", "Hillinworks.Speedscope\Hillinworks.Speedscope.csproj", "{A63AC9A0-303F-4055-9D8F-F850A277D214}"
EndProject
Global
	GlobalSection(SolutionConfigurationPlatforms) = preSolution
		Debug|Any CPU = Debug|Any CPU
		Release|Any CPU = Release|Any CPU
	EndGlobalSection
	GlobalSection(ProjectConfigurationPlatforms) = postSolution
		{A63AC9A0-303F-4055-9D8F-F850A277D214}.Debug|Any CPU.ActiveCfg = Debug|Any CPU
		{A63AC9A0-303F-4055-9D8F-F850A277D214}.Debug|Any CPU.Build.0 = Debug|Any CPU
		{A63AC9A0-303F-4055-9D8F-F850A277D214}.Release|Any CPU.ActiveCfg = Release|Any CPU
		{A63AC9A0-303F-4055-9D8F-F850A277D214}.Release|Any CPU.Build.0 = Release|Any CPU
	EndGlobalSection
	GlobalSection(SolutionProperties) = preSolution
		HideSolutionNode = FALSE
	EndGlobalSection
	GlobalSection(ExtensibilityGlobals) = postSolution
		SolutionGuid = {D90779AA-AF51-4F2F-8781-CEDBB781A77D}
	EndGlobalSection
EndGlobal
